
Microsoft Visual Studio Solution File, Format Version 12.00
# Visual Studio Version 16
VisualStudioVersion = 16.0.30114.105
MinimumVisualStudioVersion = 10.0.40219.1
Project("{2150E333-8FDC-42A3-9474-1A3956D46DE8}") = "src", "src", "{11F7B62B-DCA8-4079-9483-B1E7C101D2BF}"
EndProject
Project("{FAE04EC0-301F-11D3-BF4B-00C04F79EFBC}") = "Backend", "src\Backend\Backend.csproj", "{4AED2A53-997D-41E2-8EAE-2387536E0E92}"
EndProject
Global
	GlobalSection(SolutionConfigurationPlatforms) = preSolution
		Debug|Any CPU = Debug|Any CPU
		Release|Any CPU = Release|Any CPU
	EndGlobalSection
	GlobalSection(SolutionProperties) = preSolution
		HideSolutionNode = FALSE
	EndGlobalSection
	GlobalSection(ProjectConfigurationPlatforms) = postSolution
		{4AED2A53-997D-41E2-8EAE-2387536E0E92}.Debug|Any CPU.ActiveCfg = Debug|Any CPU
		{4AED2A53-997D-41E2-8EAE-2387536E0E92}.Debug|Any CPU.Build.0 = Debug|Any CPU
		{4AED2A53-997D-41E2-8EAE-2387536E0E92}.Release|Any CPU.ActiveCfg = Release|Any CPU
		{4AED2A53-997D-41E2-8EAE-2387536E0E92}.Release|Any CPU.Build.0 = Release|Any CPU
	EndGlobalSection
	GlobalSection(NestedProjects) = preSolution
		{4AED2A53-997D-41E2-8EAE-2387536E0E92} = {11F7B62B-DCA8-4079-9483-B1E7C101D2BF}
	EndGlobalSection
EndGlobal
